
Microsoft Visual Studio Solution File, Format Version 12.00
# Visual Studio Version 17
VisualStudioVersion = 17.14.36212.18 d17.14
MinimumVisualStudioVersion = 10.0.40219.1
Project("{8BC9CEB8-8B4A-11D0-8D11-00A0C91BC942}") = "0701", "0701\0701.vcxproj", "{645D5021-0624-4412-AF3D-A0CF0EA9C57A}"
EndProject
Global
	GlobalSection(SolutionConfigurationPlatforms) = preSolution
		Debug|x64 = Debug|x64
		Debug|x86 = Debug|x86
		Release|x64 = Release|x64
		Release|x86 = Release|x86
	EndGlobalSection
	GlobalSection(ProjectConfigurationPlatforms) = postSolution
		{645D5021-0624-4412-AF3D-A0CF0EA9C57A}.Debug|x64.ActiveCfg = Debug|x64
		{645D5021-0624-4412-AF3D-A0CF0EA9C57A}.Debug|x64.Build.0 = Debug|x64
		{645D5021-0624-4412-AF3D-A0CF0EA9C57A}.Debug|x86.ActiveCfg = Debug|Win32
		{645D5021-0624-4412-AF3D-A0CF0EA9C57A}.Debug|x86.Build.0 = Debug|Win32
		{645D5021-0624-4412-AF3D-A0CF0EA9C57A}.Release|x64.ActiveCfg = Release|x64
		{645D5021-0624-4412-AF3D-A0CF0EA9C57A}.Release|x64.Build.0 = Release|x64
		{645D5021-0624-4412-AF3D-A0CF0EA9C57A}.Release|x86.ActiveCfg = Release|Win32
		{645D5021-0624-4412-AF3D-A0CF0EA9C57A}.Release|x86.Build.0 = Release|Win32
	EndGlobalSection
	GlobalSection(SolutionProperties) = preSolution
		HideSolutionNode = FALSE
	EndGlobalSection
	GlobalSection(ExtensibilityGlobals) = postSolution
		SolutionGuid = {F366B175-3D64-49C2-B666-6DF55D5E9EBD}
	EndGlobalSection
EndGlobal
